
Microsoft Visual Studio Solution File, Format Version 12.00
# Visual Studio Version 16
VisualStudioVersion = 16.0.34601.136
MinimumVisualStudioVersion = 10.0.40219.1
Project("{9A19103F-16F7-4668-BE54-9A1E7A4F7556}") = "MyProjectTemp.MVC", "MyProjectTemp.MVC\MyProjectTemp.MVC.csproj", "{D0B74B37-433C-4414-9AB0-EDD7E38DA654}"
EndProject
Global
	GlobalSection(SolutionConfigurationPlatforms) = preSolution
		Debug|Any CPU = Debug|Any CPU
		Release|Any CPU = Release|Any CPU
	EndGlobalSection
	GlobalSection(ProjectConfigurationPlatforms) = postSolution
		{D0B74B37-433C-4414-9AB0-EDD7E38DA654}.Debug|Any CPU.ActiveCfg = Debug|Any CPU
		{D0B74B37-433C-4414-9AB0-EDD7E38DA654}.Debug|Any CPU.Build.0 = Debug|Any CPU
		{D0B74B37-433C-4414-9AB0-EDD7E38DA654}.Release|Any CPU.ActiveCfg = Release|Any CPU
		{D0B74B37-433C-4414-9AB0-EDD7E38DA654}.Release|Any CPU.Build.0 = Release|Any CPU
	EndGlobalSection
	GlobalSection(SolutionProperties) = preSolution
		HideSolutionNode = FALSE
	EndGlobalSection
	GlobalSection(ExtensibilityGlobals) = postSolution
		SolutionGuid = {3A86FF2A-CE7A-4873-9EB7-950E268C04C8}
	EndGlobalSection
EndGlobal
